// !$*UTF8*$!
{
	archiveVersion = 1;
	classes = {
	};
	objectVersion = 50;
	objects = {

/* Begin PBXBuildFile section */
		26241D99258806B400BEEE3B /* AppleClassApp.swift in Sources */ = {isa = PBXBuildFile; fileRef = 26241D98258806B400BEEE3B /* AppleClassApp.swift */; };
		26241D9B258806B400BEEE3B /* ContentView.swift in Sources */ = {isa = PBXBuildFile; fileRef = 26241D9A258806B400BEEE3B /* ContentView.swift */; };
		26241D9D258806B500BEEE3B /* Assets.xcassets in Resources */ = {isa = PBXBuildFile; fileRef = 26241D9C258806B500BEEE3B /* Assets.xcassets */; };
		26241DA0258806B500BEEE3B /* Preview Assets.xcassets in Resources */ = {isa = PBXBuildFile; fileRef = 26241D9F258806B500BEEE3B /* Preview Assets.xcassets */; };
		262F8227258BE8E7009C1BBE /* FavoriteButton.swift in Sources */ = {isa = PBXBuildFile; fileRef = 262F8226258BE8E7009C1BBE /* FavoriteButton.swift */; };
		26691BAE2588FFBE001031C8 /* CircleImage.swift in Sources */ = {isa = PBXBuildFile; fileRef = 26691BAD2588FFBE001031C8 /* CircleImage.swift */; };
		26691BB125890180001031C8 /* MapView.swift in Sources */ = {isa = PBXBuildFile; fileRef = 26691BB025890180001031C8 /* MapView.swift */; };
		26691BB425891164001031C8 /* landmarkData.json in Resources */ = {isa = PBXBuildFile; fileRef = 26691BB325891164001031C8 /* landmarkData.json */; };
		26691BB7258911BD001031C8 /* Landmark.swift in Sources */ = {isa = PBXBuildFile; fileRef = 26691BB6258911BD001031C8 /* Landmark.swift */; };
		26691BBA258913B9001031C8 /* ModelData.swift in Sources */ = {isa = PBXBuildFile; fileRef = 26691BB9258913B9001031C8 /* ModelData.swift */; };
		26691BC725891D16001031C8 /* LandmarkRow.swift in Sources */ = {isa = PBXBuildFile; fileRef = 26691BC625891D16001031C8 /* LandmarkRow.swift */; };
		26691BCA25891F3F001031C8 /* LandmarkList.swift in Sources */ = {isa = PBXBuildFile; fileRef = 26691BC925891F3F001031C8 /* LandmarkList.swift */; };
		26691BCE258921AF001031C8 /* LandmarkDetail.swift in Sources */ = {isa = PBXBuildFile; fileRef = 26691BCD258921AF001031C8 /* LandmarkDetail.swift */; };
/* End PBXBuildFile section */

/* Begin PBXFileReference section */
		26241D95258806B400BEEE3B /* AppleClass.app */ = {isa = PBXFileReference; explicitFileType = wrapper.application; includeInIndex = 0; path = AppleClass.app; sourceTree = BUILT_PRODUCTS_DIR; };
		26241D98258806B400BEEE3B /* AppleClassApp.swift */ = {isa = PBXFileReference; lastKnownFileType = sourcecode.swift; path = AppleClassApp.swift; sourceTree = "<group>"; };
		26241D9A258806B400BEEE3B /* ContentView.swift */ = {isa = PBXFileReference; lastKnownFileType = sourcecode.swift; path = ContentView.swift; sourceTree = "<group>"; };
		26241D9C258806B500BEEE3B /* Assets.xcassets */ = {isa = PBXFileReference; lastKnownFileType = folder.assetcatalog; path = Assets.xcassets; sourceTree = "<group>"; };
		26241D9F258806B500BEEE3B /* Preview Assets.xcassets */ = {isa = PBXFileReference; lastKnownFileType = folder.assetcatalog; path = "Preview Assets.xcassets"; sourceTree = "<group>"; };
		26241DA1258806B500BEEE3B /* Info.plist */ = {isa = PBXFileReference; lastKnownFileType = text.plist.xml; path = Info.plist; sourceTree = "<group>"; };
		262F8226258BE8E7009C1BBE /* FavoriteButton.swift */ = {isa = PBXFileReference; lastKnownFileType = sourcecode.swift; path = FavoriteButton.swift; sourceTree = "<group>"; };
		26691BAD2588FFBE001031C8 /* CircleImage.swift */ = {isa = PBXFileReference; lastKnownFileType = sourcecode.swift; path = CircleImage.swift; sourceTree = "<group>"; };
		26691BB025890180001031C8 /* MapView.swift */ = {isa = PBXFileReference; lastKnownFileType = sourcecode.swift; path = MapView.swift; sourceTree = "<group>"; };
		26691BB325891164001031C8 /* landmarkData.json */ = {isa = PBXFileReference; fileEncoding = 4; lastKnownFileType = text.json; path = landmarkData.json; sourceTree = "<group>"; };
		26691BB6258911BD001031C8 /* Landmark.swift */ = {isa = PBXFileReference; lastKnownFileType = sourcecode.swift; path = Landmark.swift; sourceTree = "<group>"; };
		26691BB9258913B9001031C8 /* ModelData.swift */ = {isa = PBXFileReference; lastKnownFileType = sourcecode.swift; path = ModelData.swift; sourceTree = "<group>"; };
		26691BC625891D16001031C8 /* LandmarkRow.swift */ = {isa = PBXFileReference; lastKnownFileType = sourcecode.swift; path = LandmarkRow.swift; sourceTree = "<group>"; };
		26691BC925891F3F001031C8 /* LandmarkList.swift */ = {isa = PBXFileReference; lastKnownFileType = sourcecode.swift; path = LandmarkList.swift; sourceTree = "<group>"; };
		26691BCD258921AF001031C8 /* LandmarkDetail.swift */ = {isa = PBXFileReference; lastKnownFileType = sourcecode.swift; path = LandmarkDetail.swift; sourceTree = "<group>"; };
/* End PBXFileReference section */

/* Begin PBXFrameworksBuildPhase section */
		26241D92258806B400BEEE3B /* Frameworks */ = {
			isa = PBXFrameworksBuildPhase;
			buildActionMask = 2147483647;
			files = (
			);
			runOnlyForDeploymentPostprocessing = 0;
		};
/* End PBXFrameworksBuildPhase section */

/* Begin PBXGroup section */
		26241D8C258806B400BEEE3B = {
			isa = PBXGroup;
			children = (
				26241D97258806B400BEEE3B /* AppleClass */,
				26241D96258806B400BEEE3B /* Products */,
			);
			sourceTree = "<group>";
		};
		26241D96258806B400BEEE3B /* Products */ = {
			isa = PBXGroup;
			children = (
				26241D95258806B400BEEE3B /* AppleClass.app */,
			);
			name = Products;
			sourceTree = "<group>";
		};
		26241D97258806B400BEEE3B /* AppleClass */ = {
			isa = PBXGroup;
			children = (
				26691BC025891489001031C8 /* Resources */,
				26691BBE2589147A001031C8 /* Model */,
				26691BBC2589146A001031C8 /* Views */,
				26241D98258806B400BEEE3B /* AppleClassApp.swift */,
				26241D9C258806B500BEEE3B /* Assets.xcassets */,
				26241DA1258806B500BEEE3B /* Info.plist */,
				26241D9E258806B500BEEE3B /* Preview Content */,
			);
			path = AppleClass;
			sourceTree = "<group>";
		};
		26241D9E258806B500BEEE3B /* Preview Content */ = {
			isa = PBXGroup;
			children = (
				26241D9F258806B500BEEE3B /* Preview Assets.xcassets */,
			);
			path = "Preview Content";
			sourceTree = "<group>";
		};
		262F8229258BEA9D009C1BBE /* Landmarks */ = {
			isa = PBXGroup;
			children = (
				26691BC625891D16001031C8 /* LandmarkRow.swift */,
				26691BC925891F3F001031C8 /* LandmarkList.swift */,
				26691BCD258921AF001031C8 /* LandmarkDetail.swift */,
			);
			path = Landmarks;
			sourceTree = "<group>";
		};
		262F822B258BEAB5009C1BBE /* Helpers */ = {
			isa = PBXGroup;
			children = (
				26691BAD2588FFBE001031C8 /* CircleImage.swift */,
				26691BB025890180001031C8 /* MapView.swift */,
				262F8226258BE8E7009C1BBE /* FavoriteButton.swift */,
			);
			path = Helpers;
			sourceTree = "<group>";
		};
		26691BBC2589146A001031C8 /* Views */ = {
			isa = PBXGroup;
			children = (
				26241D9A258806B400BEEE3B /* ContentView.swift */,
				262F822B258BEAB5009C1BBE /* Helpers */,
				262F8229258BEA9D009C1BBE /* Landmarks */,
			);
			path = Views;
			sourceTree = "<group>";
		};
		26691BBE2589147A001031C8 /* Model */ = {
			isa = PBXGroup;
			children = (
				26691BB6258911BD001031C8 /* Landmark.swift */,
				26691BB9258913B9001031C8 /* ModelData.swift */,
			);
			path = Model;
			sourceTree = "<group>";
		};
		26691BC025891489001031C8 /* Resources */ = {
			isa = PBXGroup;
			children = (
				26691BB325891164001031C8 /* landmarkData.json */,
			);
			path = Resources;
			sourceTree = "<group>";
		};
/* End PBXGroup section */

/* Begin PBXNativeTarget section */
		26241D94258806B400BEEE3B /* AppleClass */ = {
			isa = PBXNativeTarget;
			buildConfigurationList = 26241DA4258806B500BEEE3B /* Build configuration list for PBXNativeTarget "AppleClass" */;
			buildPhases = (
				26241D91258806B400BEEE3B /* Sources */,
				26241D92258806B400BEEE3B /* Frameworks */,
				26241D93258806B400BEEE3B /* Resources */,
			);
			buildRules = (
			);
			dependencies = (
			);
			name = AppleClass;
			productName = AppleClass;
			productReference = 26241D95258806B400BEEE3B /* AppleClass.app */;
			productType = "com.apple.product-type.application";
		};
/* End PBXNativeTarget section */

/* Begin PBXProject section */
		26241D8D258806B400BEEE3B /* Project object */ = {
			isa = PBXProject;
			attributes = {
				LastSwiftUpdateCheck = 1220;
				LastUpgradeCheck = 1220;
				TargetAttributes = {
					26241D94258806B400BEEE3B = {
						CreatedOnToolsVersion = 12.2;
					};
				};
			};
			buildConfigurationList = 26241D90258806B400BEEE3B /* Build configuration list for PBXProject "AppleClass" */;
			compatibilityVersion = "Xcode 9.3";
			developmentRegion = en;
			hasScannedForEncodings = 0;
			knownRegions = (
				en,
				Base,
			);
			mainGroup = 26241D8C258806B400BEEE3B;
			productRefGroup = 26241D96258806B400BEEE3B /* Products */;
			projectDirPath = "";
			projectRoot = "";
			targets = (
				26241D94258806B400BEEE3B /* AppleClass */,
			);
		};
/* End PBXProject section */

/* Begin PBXResourcesBuildPhase section */
		26241D93258806B400BEEE3B /* Resources */ = {
			isa = PBXResourcesBuildPhase;
			buildActionMask = 2147483647;
			files = (
				26241DA0258806B500BEEE3B /* Preview Assets.xcassets in Resources */,
				26241D9D258806B500BEEE3B /* Assets.xcassets in Resources */,
				26691BB425891164001031C8 /* landmarkData.json in Resources */,
			);
			runOnlyForDeploymentPostprocessing = 0;
		};
/* End PBXResourcesBuildPhase section */

/* Begin PBXSourcesBuildPhase section */
		26241D91258806B400BEEE3B /* Sources */ = {
			isa = PBXSourcesBuildPhase;
			buildActionMask = 2147483647;
			files = (
				26241D9B258806B400BEEE3B /* ContentView.swift in Sources */,
				26691BB125890180001031C8 /* MapView.swift in Sources */,
				26241D99258806B400BEEE3B /* AppleClassApp.swift in Sources */,
				262F8227258BE8E7009C1BBE /* FavoriteButton.swift in Sources */,
				26691BAE2588FFBE001031C8 /* CircleImage.swift in Sources */,
				26691BCE258921AF001031C8 /* LandmarkDetail.swift in Sources */,
				26691BB7258911BD001031C8 /* Landmark.swift in Sources */,
				26691BCA25891F3F001031C8 /* LandmarkList.swift in Sources */,
				26691BC725891D16001031C8 /* LandmarkRow.swift in Sources */,
				26691BBA258913B9001031C8 /* ModelData.swift in Sources */,
			);
			runOnlyForDeploymentPostprocessing = 0;
		};
/* End PBXSourcesBuildPhase section */

/* Begin XCBuildConfiguration section */
		26241DA2258806B500BEEE3B /* Debug */ = {
			isa = XCBuildConfiguration;
			buildSettings = {
				ALWAYS_SEARCH_USER_PATHS = NO;
				CLANG_ANALYZER_NONNULL = YES;
				CLANG_ANALYZER_NUMBER_OBJECT_CONVERSION = YES_AGGRESSIVE;
				CLANG_CXX_LANGUAGE_STANDARD = "gnu++14";
				CLANG_CXX_LIBRARY = "libc++";
				CLANG_ENABLE_MODULES = YES;
				CLANG_ENABLE_OBJC_ARC = YES;
				CLANG_ENABLE_OBJC_WEAK = YES;
				CLANG_WARN_BLOCK_CAPTURE_AUTORELEASING = YES;
				CLANG_WARN_BOOL_CONVERSION = YES;
				CLANG_WARN_COMMA = YES;
				CLANG_WARN_CONSTANT_CONVERSION = YES;
				CLANG_WARN_DEPRECATED_OBJC_IMPLEMENTATIONS = YES;
				CLANG_WARN_DIRECT_OBJC_ISA_USAGE = YES_ERROR;
				CLANG_WARN_DOCUMENTATION_COMMENTS = YES;
				CLANG_WARN_EMPTY_BODY = YES;
				CLANG_WARN_ENUM_CONVERSION = YES;
				CLANG_WARN_INFINITE_RECURSION = YES;
				CLANG_WARN_INT_CONVERSION = YES;
				CLANG_WARN_NON_LITERAL_NULL_CONVERSION = YES;
				CLANG_WARN_OBJC_IMPLICIT_RETAIN_SELF = YES;
				CLANG_WARN_OBJC_LITERAL_CONVERSION = YES;
				CLANG_WARN_OBJC_ROOT_CLASS = YES_ERROR;
				CLANG_WARN_QUOTED_INCLUDE_IN_FRAMEWORK_HEADER = YES;
				CLANG_WARN_RANGE_LOOP_ANALYSIS = YES;
				CLANG_WARN_STRICT_PROTOTYPES = YES;
				CLANG_WARN_SUSPICIOUS_MOVE = YES;
				CLANG_WARN_UNGUARDED_AVAILABILITY = YES_AGGRESSIVE;
				CLANG_WARN_UNREACHABLE_CODE = YES;
				CLANG_WARN__DUPLICATE_METHOD_MATCH = YES;
				COPY_PHASE_STRIP = NO;
				DEBUG_INFORMATION_FORMAT = dwarf;
				ENABLE_STRICT_OBJC_MSGSEND = YES;
				ENABLE_TESTABILITY = YES;
				GCC_C_LANGUAGE_STANDARD = gnu11;
				GCC_DYNAMIC_NO_PIC = NO;
				GCC_NO_COMMON_BLOCKS = YES;
				GCC_OPTIMIZATION_LEVEL = 0;
				GCC_PREPROCESSOR_DEFINITIONS = (
					"DEBUG=1",
					"$(inherited)",
				);
				GCC_WARN_64_TO_32_BIT_CONVERSION = YES;
				GCC_WARN_ABOUT_RETURN_TYPE = YES_ERROR;
				GCC_WARN_UNDECLARED_SELECTOR = YES;
				GCC_WARN_UNINITIALIZED_AUTOS = YES_AGGRESSIVE;
				GCC_WARN_UNUSED_FUNCTION = YES;
				GCC_WARN_UNUSED_VARIABLE = YES;
				IPHONEOS_DEPLOYMENT_TARGET = 14.2;
				MTL_ENABLE_DEBUG_INFO = INCLUDE_SOURCE;
				MTL_FAST_MATH = YES;
				ONLY_ACTIVE_ARCH = YES;
				SDKROOT = iphoneos;
				SWIFT_ACTIVE_COMPILATION_CONDITIONS = DEBUG;
				SWIFT_OPTIMIZATION_LEVEL = "-Onone";
			};
			name = Debug;
		};
		26241DA3258806B500BEEE3B /* Release */ = {
			isa = XCBuildConfiguration;
			buildSettings = {
				ALWAYS_SEARCH_USER_PATHS = NO;
				CLANG_ANALYZER_NONNULL = YES;
				CLANG_ANALYZER_NUMBER_OBJECT_CONVERSION = YES_AGGRESSIVE;
				CLANG_CXX_LANGUAGE_STANDARD = "gnu++14";
				CLANG_CXX_LIBRARY = "libc++";
				CLANG_ENABLE_MODULES = YES;
				CLANG_ENABLE_OBJC_ARC = YES;
				CLANG_ENABLE_OBJC_WEAK = YES;
				CLANG_WARN_BLOCK_CAPTURE_AUTORELEASING = YES;
				CLANG_WARN_BOOL_CONVERSION = YES;
				CLANG_WARN_COMMA = YES;
				CLANG_WARN_CONSTANT_CONVERSION = YES;
				CLANG_WARN_DEPRECATED_OBJC_IMPLEMENTATIONS = YES;
				CLANG_WARN_DIRECT_OBJC_ISA_USAGE = YES_ERROR;
				CLANG_WARN_DOCUMENTATION_COMMENTS = YES;
				CLANG_WARN_EMPTY_BODY = YES;
				CLANG_WARN_ENUM_CONVERSION = YES;
				CLANG_WARN_INFINITE_RECURSION = YES;
				CLANG_WARN_INT_CONVERSION = YES;
				CLANG_WARN_NON_LITERAL_NULL_CONVERSION = YES;
				CLANG_WARN_OBJC_IMPLICIT_RETAIN_SELF = YES;
				CLANG_WARN_OBJC_LITERAL_CONVERSION = YES;
				CLANG_WARN_OBJC_ROOT_CLASS = YES_ERROR;
				CLANG_WARN_QUOTED_INCLUDE_IN_FRAMEWORK_HEADER = YES;
				CLANG_WARN_RANGE_LOOP_ANALYSIS = YES;
				CLANG_WARN_STRICT_PROTOTYPES = YES;
				CLANG_WARN_SUSPICIOUS_MOVE = YES;
				CLANG_WARN_UNGUARDED_AVAILABILITY = YES_AGGRESSIVE;
				CLANG_WARN_UNREACHABLE_CODE = YES;
				CLANG_WARN__DUPLICATE_METHOD_MATCH = YES;
				COPY_PHASE_STRIP = NO;
				DEBUG_INFORMATION_FORMAT = "dwarf-with-dsym";
				ENABLE_NS_ASSERTIONS = NO;
				ENABLE_STRICT_OBJC_MSGSEND = YES;
				GCC_C_LANGUAGE_STANDARD = gnu11;
				GCC_NO_COMMON_BLOCKS = YES;
				GCC_WARN_64_TO_32_BIT_CONVERSION = YES;
				GCC_WARN_ABOUT_RETURN_TYPE = YES_ERROR;
				GCC_WARN_UNDECLARED_SELECTOR = YES;
				GCC_WARN_UNINITIALIZED_AUTOS = YES_AGGRESSIVE;
				GCC_WARN_UNUSED_FUNCTION = YES;
				GCC_WARN_UNUSED_VARIABLE = YES;
				IPHONEOS_DEPLOYMENT_TARGET = 14.2;
				MTL_ENABLE_DEBUG_INFO = NO;
				MTL_FAST_MATH = YES;
				SDKROOT = iphoneos;
				SWIFT_COMPILATION_MODE = wholemodule;
				SWIFT_OPTIMIZATION_LEVEL = "-O";
				VALIDATE_PRODUCT = YES;
			};
			name = Release;
		};
		26241DA5258806B500BEEE3B /* Debug */ = {
			isa = XCBuildConfiguration;
			buildSettings = {
				ASSETCATALOG_COMPILER_APPICON_NAME = AppIcon;
				ASSETCATALOG_COMPILER_GLOBAL_ACCENT_COLOR_NAME = AccentColor;
				CODE_SIGN_STYLE = Automatic;
				DEVELOPMENT_ASSET_PATHS = "\"AppleClass/Preview Content\"";
				DEVELOPMENT_TEAM = L8V6QS755Y;
				ENABLE_PREVIEWS = YES;
				INFOPLIST_FILE = AppleClass/Info.plist;
				IPHONEOS_DEPLOYMENT_TARGET = 14.0;
				LD_RUNPATH_SEARCH_PATHS = (
					"$(inherited)",
					"@executable_path/Frameworks",
				);
				PRODUCT_BUNDLE_IDENTIFIER = com.copycat.AppleClass;
				PRODUCT_NAME = "$(TARGET_NAME)";
				SWIFT_VERSION = 5.0;
				TARGETED_DEVICE_FAMILY = "1,2";
			};
			name = Debug;
		};
		26241DA6258806B500BEEE3B /* Release */ = {
			isa = XCBuildConfiguration;
			buildSettings = {
				ASSETCATALOG_COMPILER_APPICON_NAME = AppIcon;
				ASSETCATALOG_COMPILER_GLOBAL_ACCENT_COLOR_NAME = AccentColor;
				CODE_SIGN_STYLE = Automatic;
				DEVELOPMENT_ASSET_PATHS = "\"AppleClass/Preview Content\"";
				DEVELOPMENT_TEAM = L8V6QS755Y;
				ENABLE_PREVIEWS = YES;
				INFOPLIST_FILE = AppleClass/Info.plist;
				IPHONEOS_DEPLOYMENT_TARGET = 14.0;
				LD_RUNPATH_SEARCH_PATHS = (
					"$(inherited)",
					"@executable_path/Frameworks",
				);
				PRODUCT_BUNDLE_IDENTIFIER = com.copycat.AppleClass;
				PRODUCT_NAME = "$(TARGET_NAME)";
				SWIFT_VERSION = 5.0;
				TARGETED_DEVICE_FAMILY = "1,2";
			};
			name = Release;
		};
/* End XCBuildConfiguration section */

/* Begin XCConfigurationList section */
		26241D90258806B400BEEE3B /* Build configuration list for PBXProject "AppleClass" */ = {
			isa = XCConfigurationList;
			buildConfigurations = (
				26241DA2258806B500BEEE3B /* Debug */,
				26241DA3258806B500BEEE3B /* Release */,
			);
			defaultConfigurationIsVisible = 0;
			defaultConfigurationName = Release;
		};
		26241DA4258806B500BEEE3B /* Build configuration list for PBXNativeTarget "AppleClass" */ = {
			isa = XCConfigurationList;
			buildConfigurations = (
				26241DA5258806B500BEEE3B /* Debug */,
				26241DA6258806B500BEEE3B /* Release */,
			);
			defaultConfigurationIsVisible = 0;
			defaultConfigurationName = Release;
		};
/* End XCConfigurationList section */
	};
	rootObject = 26241D8D258806B400BEEE3B /* Project object */;
}
